
Microsoft Visual Studio Solution File, Format Version 12.00
# Visual Studio Version 17
VisualStudioVersion = 17.1.32210.238
MinimumVisualStudioVersion = 10.0.40219.1
Project("{9A19103F-16F7-4668-BE54-9A1E7A4F7556}") = "FFXIVUpdateChecker", "FFXIVUpdateChecker\FFXIVUpdateChecker.csproj", "{0E80882A-281D-46F5-8CB2-FFF603BA1E76}"
EndProject
Project("{9A19103F-16F7-4668-BE54-9A1E7A4F7556}") = "FFXIVUCBLL", "FFXIVUCBLL\FFXIVUCBLL.csproj", "{45B11B70-11AF-485D-BB78-DA65EFF64418}"
EndProject
Project("{9A19103F-16F7-4668-BE54-9A1E7A4F7556}") = "FFXIVUpdateCheckerWPF", "FFXIVUpdateCheckerWPF\FFXIVUpdateCheckerWPF.csproj", "{645201A8-0809-42AD-BDC4-519E547A67DF}"
EndProject
Global
	GlobalSection(SolutionConfigurationPlatforms) = preSolution
		Debug|Any CPU = Debug|Any CPU
		Release|Any CPU = Release|Any CPU
	EndGlobalSection
	GlobalSection(ProjectConfigurationPlatforms) = postSolution
		{0E80882A-281D-46F5-8CB2-FFF603BA1E76}.Debug|Any CPU.ActiveCfg = Debug|Any CPU
		{0E80882A-281D-46F5-8CB2-FFF603BA1E76}.Debug|Any CPU.Build.0 = Debug|Any CPU
		{0E80882A-281D-46F5-8CB2-FFF603BA1E76}.Release|Any CPU.ActiveCfg = Release|Any CPU
		{0E80882A-281D-46F5-8CB2-FFF603BA1E76}.Release|Any CPU.Build.0 = Release|Any CPU
		{45B11B70-11AF-485D-BB78-DA65EFF64418}.Debug|Any CPU.ActiveCfg = Debug|Any CPU
		{45B11B70-11AF-485D-BB78-DA65EFF64418}.Debug|Any CPU.Build.0 = Debug|Any CPU
		{45B11B70-11AF-485D-BB78-DA65EFF64418}.Release|Any CPU.ActiveCfg = Release|Any CPU
		{45B11B70-11AF-485D-BB78-DA65EFF64418}.Release|Any CPU.Build.0 = Release|Any CPU
		{645201A8-0809-42AD-BDC4-519E547A67DF}.Debug|Any CPU.ActiveCfg = Debug|Any CPU
		{645201A8-0809-42AD-BDC4-519E547A67DF}.Debug|Any CPU.Build.0 = Debug|Any CPU
		{645201A8-0809-42AD-BDC4-519E547A67DF}.Release|Any CPU.ActiveCfg = Release|Any CPU
		{645201A8-0809-42AD-BDC4-519E547A67DF}.Release|Any CPU.Build.0 = Release|Any CPU
	EndGlobalSection
	GlobalSection(SolutionProperties) = preSolution
		HideSolutionNode = FALSE
	EndGlobalSection
	GlobalSection(ExtensibilityGlobals) = postSolution
		SolutionGuid = {902585A2-CB3E-4BD2-8ED5-C06AEEB2543C}
	EndGlobalSection
EndGlobal
